
Microsoft Visual Studio Solution File, Format Version 12.00
# Visual Studio Version 16
VisualStudioVersion = 16.0.32413.511
MinimumVisualStudioVersion = 10.0.40219.1
Project("{FAE04EC0-301F-11D3-BF4B-00C04F79EFBC}") = "WindowsFormsApp1", "WindowsFormsApp1\WindowsFormsApp1.csproj", "{9F618166-5FEF-4A31-8C93-618AED278A34}"
EndProject
Project("{FAE04EC0-301F-11D3-BF4B-00C04F79EFBC}") = "TextEditor.BL", "TextEditor.BL\TextEditor.BL.csproj", "{3D8D987B-30F3-4619-A9E7-7CA1F33D6EDB}"
EndProject
Global
	GlobalSection(SolutionConfigurationPlatforms) = preSolution
		Debug|Any CPU = Debug|Any CPU
		Release|Any CPU = Release|Any CPU
	EndGlobalSection
	GlobalSection(ProjectConfigurationPlatforms) = postSolution
		{9F618166-5FEF-4A31-8C93-618AED278A34}.Debug|Any CPU.ActiveCfg = Debug|Any CPU
		{9F618166-5FEF-4A31-8C93-618AED278A34}.Debug|Any CPU.Build.0 = Debug|Any CPU
		{9F618166-5FEF-4A31-8C93-618AED278A34}.Release|Any CPU.ActiveCfg = Release|Any CPU
		{9F618166-5FEF-4A31-8C93-618AED278A34}.Release|Any CPU.Build.0 = Release|Any CPU
		{3D8D987B-30F3-4619-A9E7-7CA1F33D6EDB}.Debug|Any CPU.ActiveCfg = Debug|Any CPU
		{3D8D987B-30F3-4619-A9E7-7CA1F33D6EDB}.Debug|Any CPU.Build.0 = Debug|Any CPU
		{3D8D987B-30F3-4619-A9E7-7CA1F33D6EDB}.Release|Any CPU.ActiveCfg = Release|Any CPU
		{3D8D987B-30F3-4619-A9E7-7CA1F33D6EDB}.Release|Any CPU.Build.0 = Release|Any CPU
	EndGlobalSection
	GlobalSection(SolutionProperties) = preSolution
		HideSolutionNode = FALSE
	EndGlobalSection
	GlobalSection(ExtensibilityGlobals) = postSolution
		SolutionGuid = {43712FF1-FF3D-40CA-AEE2-B740C4BE6F47}
	EndGlobalSection
EndGlobal
